
Microsoft Visual Studio Solution File, Format Version 12.00
# Visual Studio Version 16
VisualStudioVersion = 16.0.29001.49
MinimumVisualStudioVersion = 10.0.40219.1
Project("{FAE04EC0-301F-11D3-BF4B-00C04F79EFBC}") = "CSharp-Lab3", "CSharp-Lab3.csproj", "{45EAA4CF-EDA2-4907-B8E5-8FD0663568E3}"
EndProject
Global
	GlobalSection(SolutionConfigurationPlatforms) = preSolution
		Debug|Any CPU = Debug|Any CPU
		Release|Any CPU = Release|Any CPU
	EndGlobalSection
	GlobalSection(ProjectConfigurationPlatforms) = postSolution
		{45EAA4CF-EDA2-4907-B8E5-8FD0663568E3}.Debug|Any CPU.ActiveCfg = Debug|Any CPU
		{45EAA4CF-EDA2-4907-B8E5-8FD0663568E3}.Debug|Any CPU.Build.0 = Debug|Any CPU
		{45EAA4CF-EDA2-4907-B8E5-8FD0663568E3}.Release|Any CPU.ActiveCfg = Release|Any CPU
		{45EAA4CF-EDA2-4907-B8E5-8FD0663568E3}.Release|Any CPU.Build.0 = Release|Any CPU
	EndGlobalSection
	GlobalSection(SolutionProperties) = preSolution
		HideSolutionNode = FALSE
	EndGlobalSection
	GlobalSection(ExtensibilityGlobals) = postSolution
		SolutionGuid = {D4803230-EC54-4538-98B9-3CF5312143AC}
	EndGlobalSection
EndGlobal
